{
  "version": "2",
  "remote": {
    "https://deno.land/std@0.185.0/_util/asserts.ts": "178dfc49a464aee693a7e285567b3d0b555dc805ff490505a8aae34f9cfb1462",
    "https://deno.land/std@0.185.0/_util/os.ts": "d932f56d41e4f6a6093d56044e29ce637f8dcc43c5a90af43504a889cf1775e3",
    "https://deno.land/std@0.185.0/json/common.ts": "ecd5e87d45b5f0df33238ed8b1746e1444da7f5c86ae53d0f0b04280f41a25bb",
    "https://deno.land/std@0.185.0/jsonc/mod.ts": "b88dce28eb3645667caa856538ae2fe87af51410822544a0b45a4177ef3bd7dd",
    "https://deno.land/std@0.185.0/jsonc/parse.ts": "2910e33bc7c3b243e3b6f3a39ce4d6ca84337b277a8df6f2ad2d9e4adbcddc08",
    "https://deno.land/std@0.185.0/path/_constants.ts": "e49961f6f4f48039c0dfed3c3f93e963ca3d92791c9d478ac5b43183413136e0",
    "https://deno.land/std@0.185.0/path/_interface.ts": "6471159dfbbc357e03882c2266d21ef9afdb1e4aa771b0545e90db58a0ba314b",
    "https://deno.land/std@0.185.0/path/_util.ts": "d7abb1e0dea065f427b89156e28cdeb32b045870acdf865833ba808a73b576d0",
    "https://deno.land/std@0.185.0/path/common.ts": "ee7505ab01fd22de3963b64e46cff31f40de34f9f8de1fff6a1bd2fe79380000",
    "https://deno.land/std@0.185.0/path/glob.ts": "d479e0a695621c94d3fd7fe7abd4f9499caf32a8de13f25073451c6ef420a4e1",
    "https://deno.land/std@0.185.0/path/mod.ts": "bf718f19a4fdd545aee1b06409ca0805bd1b68ecf876605ce632e932fe54510c",
    "https://deno.land/std@0.185.0/path/posix.ts": "8b7c67ac338714b30c816079303d0285dd24af6b284f7ad63da5b27372a2c94d",
    "https://deno.land/std@0.185.0/path/separator.ts": "0fb679739d0d1d7bf45b68dacfb4ec7563597a902edbaf3c59b50d5bcadd93b1",
    "https://deno.land/std@0.185.0/path/win32.ts": "d186344e5583bcbf8b18af416d13d82b35a317116e6460a5a3953508c3de5bba",
    "https://deno.land/std@0.187.0/async/abortable.ts": "fd682fa46f3b7b16b4606a5ab52a7ce309434b76f820d3221bdfb862719a15d7",
    "https://deno.land/std@0.187.0/async/deadline.ts": "58f72a3cc0fcb731b2cc055ba046f4b5be3349ff6bf98f2e793c3b969354aab2",
    "https://deno.land/std@0.187.0/async/debounce.ts": "adab11d04ca38d699444ac8a9d9856b4155e8dda2afd07ce78276c01ea5a4332",
    "https://deno.land/std@0.187.0/async/deferred.ts": "42790112f36a75a57db4a96d33974a936deb7b04d25c6084a9fa8a49f135def8",
    "https://deno.land/std@0.187.0/async/delay.ts": "73aa04cec034c84fc748c7be49bb15cac3dd43a57174bfdb7a4aec22c248f0dd",
    "https://deno.land/std@0.187.0/async/mod.ts": "f04344fa21738e5ad6bea37a6bfffd57c617c2d372bb9f9dcfd118a1b622e576",
    "https://deno.land/std@0.187.0/async/mux_async_iterator.ts": "70c7f2ee4e9466161350473ad61cac0b9f115cff4c552eaa7ef9d50c4cbb4cc9",
    "https://deno.land/std@0.187.0/async/pool.ts": "f1b8d3df4d7fd3c73f8cbc91cc2e8b8e950910f1eab94230b443944d7584c657",
    "https://deno.land/std@0.187.0/async/retry.ts": "dd19d93033d8eaddbfcb7654c0366e9d3b0a21448bdb06eba4a7d8a8cf936a92",
    "https://deno.land/std@0.187.0/async/tee.ts": "47e42d35f622650b02234d43803d0383a89eb4387e1b83b5a40106d18ae36757",
    "https://deno.land/std@0.187.0/http/server.ts": "1b23463b5b36e4eebc495417f6af47a6f7d52e3294827a1226d2a1aab23d9d20",
    "https://deno.land/x/esbuild@v0.17.18/mod.d.ts": "dc279a3a46f084484453e617c0cabcd5b8bd1920c0e562e4ea02dfc828c8f968",
    "https://deno.land/x/esbuild@v0.17.19/wasm.d.ts": "dc279a3a46f084484453e617c0cabcd5b8bd1920c0e562e4ea02dfc828c8f968",
    "https://deno.land/x/esbuild@v0.17.19/wasm.js": "3cf3edb879f867945fff95a975e380ce67b9917c7a498e5df16b1c18b2343526",
    "https://deno.land/x/esbuild_deno_loader@0.7.0/deps.ts": "1c312cea080df5e550f6adc00d97f42ac9b6f514988a8e07e839c68a4634f296",
    "https://deno.land/x/esbuild_deno_loader@0.7.0/mod.ts": "ebf6726cf3bb9d1a992bddb99a9acb628d376cad4a1c48452345366fdc53e60c",
    "https://deno.land/x/esbuild_deno_loader@0.7.0/src/deno.ts": "88bc896666e5290ce31d7fe98a7c1b67e9c68f8b8bcdf89ad4a983bbd841a458",
    "https://deno.land/x/esbuild_deno_loader@0.7.0/src/loader_native.ts": "495f73abe07bc07738396536e494e1e63d09b01cb38e9b5e34fbdda6da662ba8",
    "https://deno.land/x/esbuild_deno_loader@0.7.0/src/loader_portable.ts": "036c1ff6300e3a78f6e6355bde92eb28c6f3b84439d0969262022283f0f40559",
    "https://deno.land/x/esbuild_deno_loader@0.7.0/src/plugin_deno_loader.ts": "fe9c4f231cec7ad759c7f4b5e2e15205fc2e245b6c8bfd6a12dec6df30648b55",
    "https://deno.land/x/esbuild_deno_loader@0.7.0/src/plugin_deno_resolver.ts": "bfa1a38d4edd6a75b363fee2163039a8525eaba37c76955070069186c7a2cddb",
    "https://deno.land/x/esbuild_deno_loader@0.7.0/src/shared.ts": "7233a824b8357836bfa62975f78ab602442a0d880411c32ead8859035abd9d63",
    "https://deno.land/x/importmap@0.2.1/_util.ts": "ada9a9618b537e6c0316c048a898352396c882b9f2de38aba18fd3f2950ede89",
    "https://deno.land/x/importmap@0.2.1/mod.ts": "ae3d1cd7eabd18c01a4960d57db471126b020f23b37ef14e1359bbb949227ade",
    "https://esm.sh/react-dom@18.2.0/server": "b3f3c9c56e10ba8581a2a193a7b3ab0f98d71df7a4dabde1606651cbf83b83db",
    "https://esm.sh/react@18.2.0": "84aa07282d2f3c843f7d56daeae0be41ceae768391c4418f7358dd64e8fe4eca",
    "https://esm.sh/stable/react@18.2.0/deno/react.js": "0113c672572d23a90490f1b03731866a18bbbfe2ab4ff8e52c2e91b60c4188f0",
    "https://esm.sh/urlpattern-polyfill@8.0.2": "cd729015218795082b9c29c90f9174554ff096d89262fb12a07c5209a99590d7",
    "https://esm.sh/v107/react-dom@18.2.0/deno/server.js": "856a38f0fc1dd4c3c2a3432d88fbaf29da15eef3155c0cb8ea8de1febe13b197",
    "https://esm.sh/v111/@types/prop-types@15.7.5/index.d.ts": "6a386ff939f180ae8ef064699d8b7b6e62bc2731a62d7fbf5e02589383838dea",
    "https://esm.sh/v111/@types/react-dom@18.0.11/server~.d.ts": "062c36a354f037958d99f5741781417e760b9484afb4669288161719df63ae20",
    "https://esm.sh/v111/@types/react@18.0.26/global.d.ts": "bbdf156fea2fabed31a569445835aeedcc33643d404fcbaa54541f06c109df3f",
    "https://esm.sh/v111/@types/react@18.0.26/index.d.ts": "bb01db1b434ece658ae4da2a91c855f5ce823bdad82d8a0265e325aa12193450",
    "https://esm.sh/v111/@types/react@18.0.28/global.d.ts": "bbdf156fea2fabed31a569445835aeedcc33643d404fcbaa54541f06c109df3f",
    "https://esm.sh/v111/@types/react@18.0.28/index.d.ts": "bb01db1b434ece658ae4da2a91c855f5ce823bdad82d8a0265e325aa12193450",
    "https://esm.sh/v111/@types/scheduler@0.16.2/tracing.d.ts": "f5a8b384f182b3851cec3596ccc96cb7464f8d3469f48c74bf2befb782a19de5",
    "https://esm.sh/v111/csstype@3.1.1/index.d.ts": "1c29793071152b207c01ea1954e343be9a44d85234447b2b236acae9e709a383",
    "https://esm.sh/v120/urlpattern-polyfill@8.0.2/deno/urlpattern-polyfill.mjs": "548b34660f5f5807009a52632e3bd1693d55e4f5840d53f7868471fc841552c0",
    "https://esm.sh/v120/urlpattern-polyfill@8.0.2/dist/index.d.ts": "a5b9b8d024ad586679f4c6fa6da3c9aa15c1646ef3af5b0b80256e8b887f3af1",
    "https://esm.sh/v120/urlpattern-polyfill@8.0.2/dist/types.d.ts": "6f86608fc7780f98895bb87ced7248a78d6564c507543580ac28312fb398d3b7"
  }
}
